
Microsoft Visual Studio Solution File, Format Version 12.00
# Visual Studio 15
VisualStudioVersion = 15.0.28307.1022
MinimumVisualStudioVersion = 10.0.40219.1
Project("{FAE04EC0-301F-11D3-BF4B-00C04F79EFBC}") = "Zadatak_1", "Zadatak_1\Zadatak_1.csproj", "{88870433-5786-4C1F-B5BF-90BCD9808308}"
EndProject
Global
	GlobalSection(SolutionConfigurationPlatforms) = preSolution
		Debug|Any CPU = Debug|Any CPU
		Release|Any CPU = Release|Any CPU
	EndGlobalSection
	GlobalSection(ProjectConfigurationPlatforms) = postSolution
		{88870433-5786-4C1F-B5BF-90BCD9808308}.Debug|Any CPU.ActiveCfg = Debug|Any CPU
		{88870433-5786-4C1F-B5BF-90BCD9808308}.Debug|Any CPU.Build.0 = Debug|Any CPU
		{88870433-5786-4C1F-B5BF-90BCD9808308}.Release|Any CPU.ActiveCfg = Release|Any CPU
		{88870433-5786-4C1F-B5BF-90BCD9808308}.Release|Any CPU.Build.0 = Release|Any CPU
	EndGlobalSection
	GlobalSection(SolutionProperties) = preSolution
		HideSolutionNode = FALSE
	EndGlobalSection
	GlobalSection(ExtensibilityGlobals) = postSolution
		SolutionGuid = {ACDAB1D2-E10B-49A0-B7EC-D6B74B73E229}
	EndGlobalSection
EndGlobal
